// !$*UTF8*$!
{
	archiveVersion = 1;
	classes = {
	};
	objectVersion = 55;
	objects = {

/* Begin PBXBuildFile section */
		218F37312820A1F900FCA27B /* ImagesApp.swift in Sources */ = {isa = PBXBuildFile; fileRef = 218F37302820A1F900FCA27B /* ImagesApp.swift */; };
		218F37332820A1F900FCA27B /* ContentView.swift in Sources */ = {isa = PBXBuildFile; fileRef = 218F37322820A1F900FCA27B /* ContentView.swift */; };
		218F37352820A1FA00FCA27B /* Assets.xcassets in Resources */ = {isa = PBXBuildFile; fileRef = 218F37342820A1FA00FCA27B /* Assets.xcassets */; };
		218F37382820A1FA00FCA27B /* Preview Assets.xcassets in Resources */ = {isa = PBXBuildFile; fileRef = 218F37372820A1FA00FCA27B /* Preview Assets.xcassets */; };
		218F37422820A1FA00FCA27B /* ImagesTests.swift in Sources */ = {isa = PBXBuildFile; fileRef = 218F37412820A1FA00FCA27B /* ImagesTests.swift */; };
		218F374C2820A1FA00FCA27B /* ImagesUITests.swift in Sources */ = {isa = PBXBuildFile; fileRef = 218F374B2820A1FA00FCA27B /* ImagesUITests.swift */; };
		218F374E2820A1FA00FCA27B /* ImagesUITestsLaunchTests.swift in Sources */ = {isa = PBXBuildFile; fileRef = 218F374D2820A1FA00FCA27B /* ImagesUITestsLaunchTests.swift */; };
		218F375D2820AE6400FCA27B /* ImageRow.swift in Sources */ = {isa = PBXBuildFile; fileRef = 218F375C2820AE6400FCA27B /* ImageRow.swift */; };
		218F375F2820B13700FCA27B /* Models.swift in Sources */ = {isa = PBXBuildFile; fileRef = 218F375E2820B13700FCA27B /* Models.swift */; };
		218F37612820B42B00FCA27B /* Extensions.swift in Sources */ = {isa = PBXBuildFile; fileRef = 218F37602820B42B00FCA27B /* Extensions.swift */; };
		218F37632820CA4D00FCA27B /* SwiftUIView.swift in Sources */ = {isa = PBXBuildFile; fileRef = 218F37622820CA4D00FCA27B /* SwiftUIView.swift */; };
		218F37652820CC6500FCA27B /* ZoomableScrollView.swift in Sources */ = {isa = PBXBuildFile; fileRef = 218F37642820CC6400FCA27B /* ZoomableScrollView.swift */; };
		218F37672821443A00FCA27B /* DrawingView.swift in Sources */ = {isa = PBXBuildFile; fileRef = 218F37662821443A00FCA27B /* DrawingView.swift */; };
		218F37692821E86900FCA27B /* TextBox.swift in Sources */ = {isa = PBXBuildFile; fileRef = 218F37682821E86900FCA27B /* TextBox.swift */; };
/* End PBXBuildFile section */

/* Begin PBXContainerItemProxy section */
		218F373E2820A1FA00FCA27B /* PBXContainerItemProxy */ = {
			isa = PBXContainerItemProxy;
			containerPortal = 218F37252820A1F900FCA27B /* Project object */;
			proxyType = 1;
			remoteGlobalIDString = 218F372C2820A1F900FCA27B;
			remoteInfo = Images;
		};
		218F37482820A1FA00FCA27B /* PBXContainerItemProxy */ = {
			isa = PBXContainerItemProxy;
			containerPortal = 218F37252820A1F900FCA27B /* Project object */;
			proxyType = 1;
			remoteGlobalIDString = 218F372C2820A1F900FCA27B;
			remoteInfo = Images;
		};
/* End PBXContainerItemProxy section */

/* Begin PBXFileReference section */
		218F372D2820A1F900FCA27B /* Images.app */ = {isa = PBXFileReference; explicitFileType = wrapper.application; includeInIndex = 0; path = Images.app; sourceTree = BUILT_PRODUCTS_DIR; };
		218F37302820A1F900FCA27B /* ImagesApp.swift */ = {isa = PBXFileReference; lastKnownFileType = sourcecode.swift; path = ImagesApp.swift; sourceTree = "<group>"; };
		218F37322820A1F900FCA27B /* ContentView.swift */ = {isa = PBXFileReference; lastKnownFileType = sourcecode.swift; path = ContentView.swift; sourceTree = "<group>"; };
		218F37342820A1FA00FCA27B /* Assets.xcassets */ = {isa = PBXFileReference; lastKnownFileType = folder.assetcatalog; path = Assets.xcassets; sourceTree = "<group>"; };
		218F37372820A1FA00FCA27B /* Preview Assets.xcassets */ = {isa = PBXFileReference; lastKnownFileType = folder.assetcatalog; path = "Preview Assets.xcassets"; sourceTree = "<group>"; };
		218F373D2820A1FA00FCA27B /* ImagesTests.xctest */ = {isa = PBXFileReference; explicitFileType = wrapper.cfbundle; includeInIndex = 0; path = ImagesTests.xctest; sourceTree = BUILT_PRODUCTS_DIR; };
		218F37412820A1FA00FCA27B /* ImagesTests.swift */ = {isa = PBXFileReference; lastKnownFileType = sourcecode.swift; path = ImagesTests.swift; sourceTree = "<group>"; };
		218F37472820A1FA00FCA27B /* ImagesUITests.xctest */ = {isa = PBXFileReference; explicitFileType = wrapper.cfbundle; includeInIndex = 0; path = ImagesUITests.xctest; sourceTree = BUILT_PRODUCTS_DIR; };
		218F374B2820A1FA00FCA27B /* ImagesUITests.swift */ = {isa = PBXFileReference; lastKnownFileType = sourcecode.swift; path = ImagesUITests.swift; sourceTree = "<group>"; };
		218F374D2820A1FA00FCA27B /* ImagesUITestsLaunchTests.swift */ = {isa = PBXFileReference; lastKnownFileType = sourcecode.swift; path = ImagesUITestsLaunchTests.swift; sourceTree = "<group>"; };
		218F375C2820AE6400FCA27B /* ImageRow.swift */ = {isa = PBXFileReference; lastKnownFileType = sourcecode.swift; path = ImageRow.swift; sourceTree = "<group>"; };
		218F375E2820B13700FCA27B /* Models.swift */ = {isa = PBXFileReference; lastKnownFileType = sourcecode.swift; path = Models.swift; sourceTree = "<group>"; };
		218F37602820B42B00FCA27B /* Extensions.swift */ = {isa = PBXFileReference; lastKnownFileType = sourcecode.swift; path = Extensions.swift; sourceTree = "<group>"; };
		218F37622820CA4D00FCA27B /* SwiftUIView.swift */ = {isa = PBXFileReference; lastKnownFileType = sourcecode.swift; path = SwiftUIView.swift; sourceTree = "<group>"; };
		218F37642820CC6400FCA27B /* ZoomableScrollView.swift */ = {isa = PBXFileReference; lastKnownFileType = sourcecode.swift; path = ZoomableScrollView.swift; sourceTree = "<group>"; };
		218F37662821443A00FCA27B /* DrawingView.swift */ = {isa = PBXFileReference; lastKnownFileType = sourcecode.swift; path = DrawingView.swift; sourceTree = "<group>"; };
		218F37682821E86900FCA27B /* TextBox.swift */ = {isa = PBXFileReference; lastKnownFileType = sourcecode.swift; path = TextBox.swift; sourceTree = "<group>"; };
		21D8823228224C980075ADF6 /* Info.plist */ = {isa = PBXFileReference; lastKnownFileType = text.plist; path = Info.plist; sourceTree = "<group>"; };
/* End PBXFileReference section */

/* Begin PBXFrameworksBuildPhase section */
		218F372A2820A1F900FCA27B /* Frameworks */ = {
			isa = PBXFrameworksBuildPhase;
			buildActionMask = 2147483647;
			files = (
			);
			runOnlyForDeploymentPostprocessing = 0;
		};
		218F373A2820A1FA00FCA27B /* Frameworks */ = {
			isa = PBXFrameworksBuildPhase;
			buildActionMask = 2147483647;
			files = (
			);
			runOnlyForDeploymentPostprocessing = 0;
		};
		218F37442820A1FA00FCA27B /* Frameworks */ = {
			isa = PBXFrameworksBuildPhase;
			buildActionMask = 2147483647;
			files = (
			);
			runOnlyForDeploymentPostprocessing = 0;
		};
/* End PBXFrameworksBuildPhase section */

/* Begin PBXGroup section */
		218F37242820A1F900FCA27B = {
			isa = PBXGroup;
			children = (
				218F372F2820A1F900FCA27B /* Images */,
				218F37402820A1FA00FCA27B /* ImagesTests */,
				218F374A2820A1FA00FCA27B /* ImagesUITests */,
				218F372E2820A1F900FCA27B /* Products */,
			);
			sourceTree = "<group>";
		};
		218F372E2820A1F900FCA27B /* Products */ = {
			isa = PBXGroup;
			children = (
				218F372D2820A1F900FCA27B /* Images.app */,
				218F373D2820A1FA00FCA27B /* ImagesTests.xctest */,
				218F37472820A1FA00FCA27B /* ImagesUITests.xctest */,
			);
			name = Products;
			sourceTree = "<group>";
		};
		218F372F2820A1F900FCA27B /* Images */ = {
			isa = PBXGroup;
			children = (
				21D8823228224C980075ADF6 /* Info.plist */,
				218F37662821443A00FCA27B /* DrawingView.swift */,
				218F37682821E86900FCA27B /* TextBox.swift */,
				218F37302820A1F900FCA27B /* ImagesApp.swift */,
				218F37322820A1F900FCA27B /* ContentView.swift */,
				218F37622820CA4D00FCA27B /* SwiftUIView.swift */,
				218F37642820CC6400FCA27B /* ZoomableScrollView.swift */,
				218F37602820B42B00FCA27B /* Extensions.swift */,
				218F375E2820B13700FCA27B /* Models.swift */,
				218F375C2820AE6400FCA27B /* ImageRow.swift */,
				218F37342820A1FA00FCA27B /* Assets.xcassets */,
				218F37362820A1FA00FCA27B /* Preview Content */,
			);
			path = Images;
			sourceTree = "<group>";
		};
		218F37362820A1FA00FCA27B /* Preview Content */ = {
			isa = PBXGroup;
			children = (
				218F37372820A1FA00FCA27B /* Preview Assets.xcassets */,
			);
			path = "Preview Content";
			sourceTree = "<group>";
		};
		218F37402820A1FA00FCA27B /* ImagesTests */ = {
			isa = PBXGroup;
			children = (
				218F37412820A1FA00FCA27B /* ImagesTests.swift */,
			);
			path = ImagesTests;
			sourceTree = "<group>";
		};
		218F374A2820A1FA00FCA27B /* ImagesUITests */ = {
			isa = PBXGroup;
			children = (
				218F374B2820A1FA00FCA27B /* ImagesUITests.swift */,
				218F374D2820A1FA00FCA27B /* ImagesUITestsLaunchTests.swift */,
			);
			path = ImagesUITests;
			sourceTree = "<group>";
		};
/* End PBXGroup section */

/* Begin PBXNativeTarget section */
		218F372C2820A1F900FCA27B /* Images */ = {
			isa = PBXNativeTarget;
			buildConfigurationList = 218F37512820A1FA00FCA27B /* Build configuration list for PBXNativeTarget "Images" */;
			buildPhases = (
				218F37292820A1F900FCA27B /* Sources */,
				218F372A2820A1F900FCA27B /* Frameworks */,
				218F372B2820A1F900FCA27B /* Resources */,
			);
			buildRules = (
			);
			dependencies = (
			);
			name = Images;
			productName = Images;
			productReference = 218F372D2820A1F900FCA27B /* Images.app */;
			productType = "com.apple.product-type.application";
		};
		218F373C2820A1FA00FCA27B /* ImagesTests */ = {
			isa = PBXNativeTarget;
			buildConfigurationList = 218F37542820A1FA00FCA27B /* Build configuration list for PBXNativeTarget "ImagesTests" */;
			buildPhases = (
				218F37392820A1FA00FCA27B /* Sources */,
				218F373A2820A1FA00FCA27B /* Frameworks */,
				218F373B2820A1FA00FCA27B /* Resources */,
			);
			buildRules = (
			);
			dependencies = (
				218F373F2820A1FA00FCA27B /* PBXTargetDependency */,
			);
			name = ImagesTests;
			productName = ImagesTests;
			productReference = 218F373D2820A1FA00FCA27B /* ImagesTests.xctest */;
			productType = "com.apple.product-type.bundle.unit-test";
		};
		218F37462820A1FA00FCA27B /* ImagesUITests */ = {
			isa = PBXNativeTarget;
			buildConfigurationList = 218F37572820A1FA00FCA27B /* Build configuration list for PBXNativeTarget "ImagesUITests" */;
			buildPhases = (
				218F37432820A1FA00FCA27B /* Sources */,
				218F37442820A1FA00FCA27B /* Frameworks */,
				218F37452820A1FA00FCA27B /* Resources */,
			);
			buildRules = (
			);
			dependencies = (
				218F37492820A1FA00FCA27B /* PBXTargetDependency */,
			);
			name = ImagesUITests;
			productName = ImagesUITests;
			productReference = 218F37472820A1FA00FCA27B /* ImagesUITests.xctest */;
			productType = "com.apple.product-type.bundle.ui-testing";
		};
/* End PBXNativeTarget section */

/* Begin PBXProject section */
		218F37252820A1F900FCA27B /* Project object */ = {
			isa = PBXProject;
			attributes = {
				BuildIndependentTargetsInParallel = 1;
				LastSwiftUpdateCheck = 1330;
				LastUpgradeCheck = 1330;
				TargetAttributes = {
					218F372C2820A1F900FCA27B = {
						CreatedOnToolsVersion = 13.3.1;
					};
					218F373C2820A1FA00FCA27B = {
						CreatedOnToolsVersion = 13.3.1;
						TestTargetID = 218F372C2820A1F900FCA27B;
					};
					218F37462820A1FA00FCA27B = {
						CreatedOnToolsVersion = 13.3.1;
						TestTargetID = 218F372C2820A1F900FCA27B;
					};
				};
			};
			buildConfigurationList = 218F37282820A1F900FCA27B /* Build configuration list for PBXProject "Images" */;
			compatibilityVersion = "Xcode 13.0";
			developmentRegion = en;
			hasScannedForEncodings = 0;
			knownRegions = (
				en,
				Base,
			);
			mainGroup = 218F37242820A1F900FCA27B;
			productRefGroup = 218F372E2820A1F900FCA27B /* Products */;
			projectDirPath = "";
			projectRoot = "";
			targets = (
				218F372C2820A1F900FCA27B /* Images */,
				218F373C2820A1FA00FCA27B /* ImagesTests */,
				218F37462820A1FA00FCA27B /* ImagesUITests */,
			);
		};
/* End PBXProject section */

/* Begin PBXResourcesBuildPhase section */
		218F372B2820A1F900FCA27B /* Resources */ = {
			isa = PBXResourcesBuildPhase;
			buildActionMask = 2147483647;
			files = (
				218F37382820A1FA00FCA27B /* Preview Assets.xcassets in Resources */,
				218F37352820A1FA00FCA27B /* Assets.xcassets in Resources */,
			);
			runOnlyForDeploymentPostprocessing = 0;
		};
		218F373B2820A1FA00FCA27B /* Resources */ = {
			isa = PBXResourcesBuildPhase;
			buildActionMask = 2147483647;
			files = (
			);
			runOnlyForDeploymentPostprocessing = 0;
		};
		218F37452820A1FA00FCA27B /* Resources */ = {
			isa = PBXResourcesBuildPhase;
			buildActionMask = 2147483647;
			files = (
			);
			runOnlyForDeploymentPostprocessing = 0;
		};
/* End PBXResourcesBuildPhase section */

/* Begin PBXSourcesBuildPhase section */
		218F37292820A1F900FCA27B /* Sources */ = {
			isa = PBXSourcesBuildPhase;
			buildActionMask = 2147483647;
			files = (
				218F37652820CC6500FCA27B /* ZoomableScrollView.swift in Sources */,
				218F37692821E86900FCA27B /* TextBox.swift in Sources */,
				218F37612820B42B00FCA27B /* Extensions.swift in Sources */,
				218F37672821443A00FCA27B /* DrawingView.swift in Sources */,
				218F37332820A1F900FCA27B /* ContentView.swift in Sources */,
				218F37632820CA4D00FCA27B /* SwiftUIView.swift in Sources */,
				218F37312820A1F900FCA27B /* ImagesApp.swift in Sources */,
				218F375D2820AE6400FCA27B /* ImageRow.swift in Sources */,
				218F375F2820B13700FCA27B /* Models.swift in Sources */,
			);
			runOnlyForDeploymentPostprocessing = 0;
		};
		218F37392820A1FA00FCA27B /* Sources */ = {
			isa = PBXSourcesBuildPhase;
			buildActionMask = 2147483647;
			files = (
				218F37422820A1FA00FCA27B /* ImagesTests.swift in Sources */,
			);
			runOnlyForDeploymentPostprocessing = 0;
		};
		218F37432820A1FA00FCA27B /* Sources */ = {
			isa = PBXSourcesBuildPhase;
			buildActionMask = 2147483647;
			files = (
				218F374E2820A1FA00FCA27B /* ImagesUITestsLaunchTests.swift in Sources */,
				218F374C2820A1FA00FCA27B /* ImagesUITests.swift in Sources */,
			);
			runOnlyForDeploymentPostprocessing = 0;
		};
/* End PBXSourcesBuildPhase section */

/* Begin PBXTargetDependency section */
		218F373F2820A1FA00FCA27B /* PBXTargetDependency */ = {
			isa = PBXTargetDependency;
			target = 218F372C2820A1F900FCA27B /* Images */;
			targetProxy = 218F373E2820A1FA00FCA27B /* PBXContainerItemProxy */;
		};
		218F37492820A1FA00FCA27B /* PBXTargetDependency */ = {
			isa = PBXTargetDependency;
			target = 218F372C2820A1F900FCA27B /* Images */;
			targetProxy = 218F37482820A1FA00FCA27B /* PBXContainerItemProxy */;
		};
/* End PBXTargetDependency section */

/* Begin XCBuildConfiguration section */
		218F374F2820A1FA00FCA27B /* Debug */ = {
			isa = XCBuildConfiguration;
			buildSettings = {
				ALWAYS_SEARCH_USER_PATHS = NO;
				CLANG_ANALYZER_NONNULL = YES;
				CLANG_ANALYZER_NUMBER_OBJECT_CONVERSION = YES_AGGRESSIVE;
				CLANG_CXX_LANGUAGE_STANDARD = "gnu++17";
				CLANG_ENABLE_MODULES = YES;
				CLANG_ENABLE_OBJC_ARC = YES;
				CLANG_ENABLE_OBJC_WEAK = YES;
				CLANG_WARN_BLOCK_CAPTURE_AUTORELEASING = YES;
				CLANG_WARN_BOOL_CONVERSION = YES;
				CLANG_WARN_COMMA = YES;
				CLANG_WARN_CONSTANT_CONVERSION = YES;
				CLANG_WARN_DEPRECATED_OBJC_IMPLEMENTATIONS = YES;
				CLANG_WARN_DIRECT_OBJC_ISA_USAGE = YES_ERROR;
				CLANG_WARN_DOCUMENTATION_COMMENTS = YES;
				CLANG_WARN_EMPTY_BODY = YES;
				CLANG_WARN_ENUM_CONVERSION = YES;
				CLANG_WARN_INFINITE_RECURSION = YES;
				CLANG_WARN_INT_CONVERSION = YES;
				CLANG_WARN_NON_LITERAL_NULL_CONVERSION = YES;
				CLANG_WARN_OBJC_IMPLICIT_RETAIN_SELF = YES;
				CLANG_WARN_OBJC_LITERAL_CONVERSION = YES;
				CLANG_WARN_OBJC_ROOT_CLASS = YES_ERROR;
				CLANG_WARN_QUOTED_INCLUDE_IN_FRAMEWORK_HEADER = YES;
				CLANG_WARN_RANGE_LOOP_ANALYSIS = YES;
				CLANG_WARN_STRICT_PROTOTYPES = YES;
				CLANG_WARN_SUSPICIOUS_MOVE = YES;
				CLANG_WARN_UNGUARDED_AVAILABILITY = YES_AGGRESSIVE;
				CLANG_WARN_UNREACHABLE_CODE = YES;
				CLANG_WARN__DUPLICATE_METHOD_MATCH = YES;
				COPY_PHASE_STRIP = NO;
				DEBUG_INFORMATION_FORMAT = dwarf;
				ENABLE_STRICT_OBJC_MSGSEND = YES;
				ENABLE_TESTABILITY = YES;
				GCC_C_LANGUAGE_STANDARD = gnu11;
				GCC_DYNAMIC_NO_PIC = NO;
				GCC_NO_COMMON_BLOCKS = YES;
				GCC_OPTIMIZATION_LEVEL = 0;
				GCC_PREPROCESSOR_DEFINITIONS = (
					"DEBUG=1",
					"$(inherited)",
				);
				GCC_WARN_64_TO_32_BIT_CONVERSION = YES;
				GCC_WARN_ABOUT_RETURN_TYPE = YES_ERROR;
				GCC_WARN_UNDECLARED_SELECTOR = YES;
				GCC_WARN_UNINITIALIZED_AUTOS = YES_AGGRESSIVE;
				GCC_WARN_UNUSED_FUNCTION = YES;
				GCC_WARN_UNUSED_VARIABLE = YES;
				IPHONEOS_DEPLOYMENT_TARGET = 15.4;
				MTL_ENABLE_DEBUG_INFO = INCLUDE_SOURCE;
				MTL_FAST_MATH = YES;
				ONLY_ACTIVE_ARCH = YES;
				SDKROOT = iphoneos;
				SWIFT_ACTIVE_COMPILATION_CONDITIONS = DEBUG;
				SWIFT_OPTIMIZATION_LEVEL = "-Onone";
			};
			name = Debug;
		};
		218F37502820A1FA00FCA27B /* Release */ = {
			isa = XCBuildConfiguration;
			buildSettings = {
				ALWAYS_SEARCH_USER_PATHS = NO;
				CLANG_ANALYZER_NONNULL = YES;
				CLANG_ANALYZER_NUMBER_OBJECT_CONVERSION = YES_AGGRESSIVE;
				CLANG_CXX_LANGUAGE_STANDARD = "gnu++17";
				CLANG_ENABLE_MODULES = YES;
				CLANG_ENABLE_OBJC_ARC = YES;
				CLANG_ENABLE_OBJC_WEAK = YES;
				CLANG_WARN_BLOCK_CAPTURE_AUTORELEASING = YES;
				CLANG_WARN_BOOL_CONVERSION = YES;
				CLANG_WARN_COMMA = YES;
				CLANG_WARN_CONSTANT_CONVERSION = YES;
				CLANG_WARN_DEPRECATED_OBJC_IMPLEMENTATIONS = YES;
				CLANG_WARN_DIRECT_OBJC_ISA_USAGE = YES_ERROR;
				CLANG_WARN_DOCUMENTATION_COMMENTS = YES;
				CLANG_WARN_EMPTY_BODY = YES;
				CLANG_WARN_ENUM_CONVERSION = YES;
				CLANG_WARN_INFINITE_RECURSION = YES;
				CLANG_WARN_INT_CONVERSION = YES;
				CLANG_WARN_NON_LITERAL_NULL_CONVERSION = YES;
				CLANG_WARN_OBJC_IMPLICIT_RETAIN_SELF = YES;
				CLANG_WARN_OBJC_LITERAL_CONVERSION = YES;
				CLANG_WARN_OBJC_ROOT_CLASS = YES_ERROR;
				CLANG_WARN_QUOTED_INCLUDE_IN_FRAMEWORK_HEADER = YES;
				CLANG_WARN_RANGE_LOOP_ANALYSIS = YES;
				CLANG_WARN_STRICT_PROTOTYPES = YES;
				CLANG_WARN_SUSPICIOUS_MOVE = YES;
				CLANG_WARN_UNGUARDED_AVAILABILITY = YES_AGGRESSIVE;
				CLANG_WARN_UNREACHABLE_CODE = YES;
				CLANG_WARN__DUPLICATE_METHOD_MATCH = YES;
				COPY_PHASE_STRIP = NO;
				DEBUG_INFORMATION_FORMAT = "dwarf-with-dsym";
				ENABLE_NS_ASSERTIONS = NO;
				ENABLE_STRICT_OBJC_MSGSEND = YES;
				GCC_C_LANGUAGE_STANDARD = gnu11;
				GCC_NO_COMMON_BLOCKS = YES;
				GCC_WARN_64_TO_32_BIT_CONVERSION = YES;
				GCC_WARN_ABOUT_RETURN_TYPE = YES_ERROR;
				GCC_WARN_UNDECLARED_SELECTOR = YES;
				GCC_WARN_UNINITIALIZED_AUTOS = YES_AGGRESSIVE;
				GCC_WARN_UNUSED_FUNCTION = YES;
				GCC_WARN_UNUSED_VARIABLE = YES;
				IPHONEOS_DEPLOYMENT_TARGET = 15.4;
				MTL_ENABLE_DEBUG_INFO = NO;
				MTL_FAST_MATH = YES;
				SDKROOT = iphoneos;
				SWIFT_COMPILATION_MODE = wholemodule;
				SWIFT_OPTIMIZATION_LEVEL = "-O";
				VALIDATE_PRODUCT = YES;
			};
			name = Release;
		};
		218F37522820A1FA00FCA27B /* Debug */ = {
			isa = XCBuildConfiguration;
			buildSettings = {
				ASSETCATALOG_COMPILER_APPICON_NAME = AppIcon;
				ASSETCATALOG_COMPILER_GLOBAL_ACCENT_COLOR_NAME = AccentColor;
				CODE_SIGN_STYLE = Automatic;
				CURRENT_PROJECT_VERSION = 1;
				DEVELOPMENT_ASSET_PATHS = "\"Images/Preview Content\"";
				DEVELOPMENT_TEAM = 7PWK7SKWKH;
				ENABLE_PREVIEWS = YES;
				GENERATE_INFOPLIST_FILE = YES;
				INFOPLIST_FILE = Images/Info.plist;
				INFOPLIST_KEY_NSPhotoLibraryUsageDescription = "";
				INFOPLIST_KEY_UIApplicationSceneManifest_Generation = YES;
				INFOPLIST_KEY_UIApplicationSupportsIndirectInputEvents = YES;
				INFOPLIST_KEY_UILaunchScreen_Generation = YES;
				INFOPLIST_KEY_UISupportedInterfaceOrientations_iPad = "UIInterfaceOrientationPortrait UIInterfaceOrientationPortraitUpsideDown UIInterfaceOrientationLandscapeLeft UIInterfaceOrientationLandscapeRight";
				INFOPLIST_KEY_UISupportedInterfaceOrientations_iPhone = "UIInterfaceOrientationPortrait UIInterfaceOrientationLandscapeLeft UIInterfaceOrientationLandscapeRight";
				LD_RUNPATH_SEARCH_PATHS = (
					"$(inherited)",
					"@executable_path/Frameworks",
				);
				MARKETING_VERSION = 1.0;
				PRODUCT_BUNDLE_IDENTIFIER = com.billvivino.Images;
				PRODUCT_NAME = "$(TARGET_NAME)";
				SWIFT_EMIT_LOC_STRINGS = YES;
				SWIFT_VERSION = 5.0;
				TARGETED_DEVICE_FAMILY = "1,2";
			};
			name = Debug;
		};
		218F37532820A1FA00FCA27B /* Release */ = {
			isa = XCBuildConfiguration;
			buildSettings = {
				ASSETCATALOG_COMPILER_APPICON_NAME = AppIcon;
				ASSETCATALOG_COMPILER_GLOBAL_ACCENT_COLOR_NAME = AccentColor;
				CODE_SIGN_STYLE = Automatic;
				CURRENT_PROJECT_VERSION = 1;
				DEVELOPMENT_ASSET_PATHS = "\"Images/Preview Content\"";
				DEVELOPMENT_TEAM = 7PWK7SKWKH;
				ENABLE_PREVIEWS = YES;
				GENERATE_INFOPLIST_FILE = YES;
				INFOPLIST_FILE = Images/Info.plist;
				INFOPLIST_KEY_NSPhotoLibraryUsageDescription = "";
				INFOPLIST_KEY_UIApplicationSceneManifest_Generation = YES;
				INFOPLIST_KEY_UIApplicationSupportsIndirectInputEvents = YES;
				INFOPLIST_KEY_UILaunchScreen_Generation = YES;
				INFOPLIST_KEY_UISupportedInterfaceOrientations_iPad = "UIInterfaceOrientationPortrait UIInterfaceOrientationPortraitUpsideDown UIInterfaceOrientationLandscapeLeft UIInterfaceOrientationLandscapeRight";
				INFOPLIST_KEY_UISupportedInterfaceOrientations_iPhone = "UIInterfaceOrientationPortrait UIInterfaceOrientationLandscapeLeft UIInterfaceOrientationLandscapeRight";
				LD_RUNPATH_SEARCH_PATHS = (
					"$(inherited)",
					"@executable_path/Frameworks",
				);
				MARKETING_VERSION = 1.0;
				PRODUCT_BUNDLE_IDENTIFIER = com.billvivino.Images;
				PRODUCT_NAME = "$(TARGET_NAME)";
				SWIFT_EMIT_LOC_STRINGS = YES;
				SWIFT_VERSION = 5.0;
				TARGETED_DEVICE_FAMILY = "1,2";
			};
			name = Release;
		};
		218F37552820A1FA00FCA27B /* Debug */ = {
			isa = XCBuildConfiguration;
			buildSettings = {
				ALWAYS_EMBED_SWIFT_STANDARD_LIBRARIES = YES;
				BUNDLE_LOADER = "$(TEST_HOST)";
				CODE_SIGN_STYLE = Automatic;
				CURRENT_PROJECT_VERSION = 1;
				DEVELOPMENT_TEAM = 7PWK7SKWKH;
				GENERATE_INFOPLIST_FILE = YES;
				IPHONEOS_DEPLOYMENT_TARGET = 15.4;
				MARKETING_VERSION = 1.0;
				PRODUCT_BUNDLE_IDENTIFIER = com.billvivino.ImagesTests;
				PRODUCT_NAME = "$(TARGET_NAME)";
				SWIFT_EMIT_LOC_STRINGS = NO;
				SWIFT_VERSION = 5.0;
				TARGETED_DEVICE_FAMILY = "1,2";
				TEST_HOST = "$(BUILT_PRODUCTS_DIR)/Images.app/Images";
			};
			name = Debug;
		};
		218F37562820A1FA00FCA27B /* Release */ = {
			isa = XCBuildConfiguration;
			buildSettings = {
				ALWAYS_EMBED_SWIFT_STANDARD_LIBRARIES = YES;
				BUNDLE_LOADER = "$(TEST_HOST)";
				CODE_SIGN_STYLE = Automatic;
				CURRENT_PROJECT_VERSION = 1;
				DEVELOPMENT_TEAM = 7PWK7SKWKH;
				GENERATE_INFOPLIST_FILE = YES;
				IPHONEOS_DEPLOYMENT_TARGET = 15.4;
				MARKETING_VERSION = 1.0;
				PRODUCT_BUNDLE_IDENTIFIER = com.billvivino.ImagesTests;
				PRODUCT_NAME = "$(TARGET_NAME)";
				SWIFT_EMIT_LOC_STRINGS = NO;
				SWIFT_VERSION = 5.0;
				TARGETED_DEVICE_FAMILY = "1,2";
				TEST_HOST = "$(BUILT_PRODUCTS_DIR)/Images.app/Images";
			};
			name = Release;
		};
		218F37582820A1FA00FCA27B /* Debug */ = {
			isa = XCBuildConfiguration;
			buildSettings = {
				ALWAYS_EMBED_SWIFT_STANDARD_LIBRARIES = YES;
				CODE_SIGN_STYLE = Automatic;
				CURRENT_PROJECT_VERSION = 1;
				DEVELOPMENT_TEAM = 7PWK7SKWKH;
				GENERATE_INFOPLIST_FILE = YES;
				MARKETING_VERSION = 1.0;
				PRODUCT_BUNDLE_IDENTIFIER = com.billvivino.ImagesUITests;
				PRODUCT_NAME = "$(TARGET_NAME)";
				SWIFT_EMIT_LOC_STRINGS = NO;
				SWIFT_VERSION = 5.0;
				TARGETED_DEVICE_FAMILY = "1,2";
				TEST_TARGET_NAME = Images;
			};
			name = Debug;
		};
		218F37592820A1FA00FCA27B /* Release */ = {
			isa = XCBuildConfiguration;
			buildSettings = {
				ALWAYS_EMBED_SWIFT_STANDARD_LIBRARIES = YES;
				CODE_SIGN_STYLE = Automatic;
				CURRENT_PROJECT_VERSION = 1;
				DEVELOPMENT_TEAM = 7PWK7SKWKH;
				GENERATE_INFOPLIST_FILE = YES;
				MARKETING_VERSION = 1.0;
				PRODUCT_BUNDLE_IDENTIFIER = com.billvivino.ImagesUITests;
				PRODUCT_NAME = "$(TARGET_NAME)";
				SWIFT_EMIT_LOC_STRINGS = NO;
				SWIFT_VERSION = 5.0;
				TARGETED_DEVICE_FAMILY = "1,2";
				TEST_TARGET_NAME = Images;
			};
			name = Release;
		};
/* End XCBuildConfiguration section */

/* Begin XCConfigurationList section */
		218F37282820A1F900FCA27B /* Build configuration list for PBXProject "Images" */ = {
			isa = XCConfigurationList;
			buildConfigurations = (
				218F374F2820A1FA00FCA27B /* Debug */,
				218F37502820A1FA00FCA27B /* Release */,
			);
			defaultConfigurationIsVisible = 0;
			defaultConfigurationName = Release;
		};
		218F37512820A1FA00FCA27B /* Build configuration list for PBXNativeTarget "Images" */ = {
			isa = XCConfigurationList;
			buildConfigurations = (
				218F37522820A1FA00FCA27B /* Debug */,
				218F37532820A1FA00FCA27B /* Release */,
			);
			defaultConfigurationIsVisible = 0;
			defaultConfigurationName = Release;
		};
		218F37542820A1FA00FCA27B /* Build configuration list for PBXNativeTarget "ImagesTests" */ = {
			isa = XCConfigurationList;
			buildConfigurations = (
				218F37552820A1FA00FCA27B /* Debug */,
				218F37562820A1FA00FCA27B /* Release */,
			);
			defaultConfigurationIsVisible = 0;
			defaultConfigurationName = Release;
		};
		218F37572820A1FA00FCA27B /* Build configuration list for PBXNativeTarget "ImagesUITests" */ = {
			isa = XCConfigurationList;
			buildConfigurations = (
				218F37582820A1FA00FCA27B /* Debug */,
				218F37592820A1FA00FCA27B /* Release */,
			);
			defaultConfigurationIsVisible = 0;
			defaultConfigurationName = Release;
		};
/* End XCConfigurationList section */
	};
	rootObject = 218F37252820A1F900FCA27B /* Project object */;
}
